// !$*UTF8*$!
{
	archiveVersion = 1;
	classes = {
	};
	objectVersion = 56;
	objects = {

/* Begin PBXBuildFile section */
		8E8D584B2B39C55C00BEFB64 /* YangFinTalkApp.swift in Sources */ = {isa = PBXBuildFile; fileRef = 8E8D584A2B39C55C00BEFB64 /* YangFinTalkApp.swift */; };
		8E8D584D2B39C55C00BEFB64 /* LoginView.swift in Sources */ = {isa = PBXBuildFile; fileRef = 8E8D584C2B39C55C00BEFB64 /* LoginView.swift */; };
		8E8D584F2B39C55E00BEFB64 /* Assets.xcassets in Resources */ = {isa = PBXBuildFile; fileRef = 8E8D584E2B39C55E00BEFB64 /* Assets.xcassets */; };
		8E8D58522B39C55E00BEFB64 /* Preview Assets.xcassets in Resources */ = {isa = PBXBuildFile; fileRef = 8E8D58512B39C55E00BEFB64 /* Preview Assets.xcassets */; };
		8E8D585A2B3AEDC900BEFB64 /* FirebaseAnalytics in Frameworks */ = {isa = PBXBuildFile; productRef = 8E8D58592B3AEDC900BEFB64 /* FirebaseAnalytics */; };
		8E8D585C2B3AEDC900BEFB64 /* FirebaseAnalyticsOnDeviceConversion in Frameworks */ = {isa = PBXBuildFile; productRef = 8E8D585B2B3AEDC900BEFB64 /* FirebaseAnalyticsOnDeviceConversion */; };
		8E8D585E2B3AEDC900BEFB64 /* FirebaseAnalyticsSwift in Frameworks */ = {isa = PBXBuildFile; productRef = 8E8D585D2B3AEDC900BEFB64 /* FirebaseAnalyticsSwift */; };
		8E8D58602B3AEDC900BEFB64 /* FirebaseAnalyticsWithoutAdIdSupport in Frameworks */ = {isa = PBXBuildFile; productRef = 8E8D585F2B3AEDC900BEFB64 /* FirebaseAnalyticsWithoutAdIdSupport */; };
		8E8D58622B3AEDC900BEFB64 /* FirebaseAppCheck in Frameworks */ = {isa = PBXBuildFile; productRef = 8E8D58612B3AEDC900BEFB64 /* FirebaseAppCheck */; };
		8E8D58642B3AEDC900BEFB64 /* FirebaseAppDistribution-Beta in Frameworks */ = {isa = PBXBuildFile; productRef = 8E8D58632B3AEDC900BEFB64 /* FirebaseAppDistribution-Beta */; };
		8E8D58662B3AEDC900BEFB64 /* FirebaseAuth in Frameworks */ = {isa = PBXBuildFile; productRef = 8E8D58652B3AEDC900BEFB64 /* FirebaseAuth */; };
		8E8D58682B3AEDC900BEFB64 /* FirebaseAuthCombine-Community in Frameworks */ = {isa = PBXBuildFile; productRef = 8E8D58672B3AEDC900BEFB64 /* FirebaseAuthCombine-Community */; };
		8E8D586A2B3AEDC900BEFB64 /* FirebaseCrashlytics in Frameworks */ = {isa = PBXBuildFile; productRef = 8E8D58692B3AEDC900BEFB64 /* FirebaseCrashlytics */; };
		8E8D586C2B3AEDC900BEFB64 /* FirebaseDatabase in Frameworks */ = {isa = PBXBuildFile; productRef = 8E8D586B2B3AEDC900BEFB64 /* FirebaseDatabase */; };
		8E8D586E2B3AEDC900BEFB64 /* FirebaseDatabaseSwift in Frameworks */ = {isa = PBXBuildFile; productRef = 8E8D586D2B3AEDC900BEFB64 /* FirebaseDatabaseSwift */; };
		8E8D58702B3AEDC900BEFB64 /* FirebaseDynamicLinks in Frameworks */ = {isa = PBXBuildFile; productRef = 8E8D586F2B3AEDC900BEFB64 /* FirebaseDynamicLinks */; };
		8E8D58722B3AEDC900BEFB64 /* FirebaseFirestore in Frameworks */ = {isa = PBXBuildFile; productRef = 8E8D58712B3AEDC900BEFB64 /* FirebaseFirestore */; };
		8E8D58742B3AEDC900BEFB64 /* FirebaseFirestoreCombine-Community in Frameworks */ = {isa = PBXBuildFile; productRef = 8E8D58732B3AEDC900BEFB64 /* FirebaseFirestoreCombine-Community */; };
		8E8D58762B3AEDC900BEFB64 /* FirebaseFirestoreSwift in Frameworks */ = {isa = PBXBuildFile; productRef = 8E8D58752B3AEDC900BEFB64 /* FirebaseFirestoreSwift */; };
		8E8D58782B3AEDC900BEFB64 /* FirebaseFunctions in Frameworks */ = {isa = PBXBuildFile; productRef = 8E8D58772B3AEDC900BEFB64 /* FirebaseFunctions */; };
		8E8D587A2B3AEDC900BEFB64 /* FirebaseFunctionsCombine-Community in Frameworks */ = {isa = PBXBuildFile; productRef = 8E8D58792B3AEDC900BEFB64 /* FirebaseFunctionsCombine-Community */; };
		8E8D587C2B3AEDC900BEFB64 /* FirebaseInAppMessaging-Beta in Frameworks */ = {isa = PBXBuildFile; productRef = 8E8D587B2B3AEDC900BEFB64 /* FirebaseInAppMessaging-Beta */; };
		8E8D587E2B3AEDC900BEFB64 /* FirebaseInAppMessagingSwift-Beta in Frameworks */ = {isa = PBXBuildFile; productRef = 8E8D587D2B3AEDC900BEFB64 /* FirebaseInAppMessagingSwift-Beta */; };
		8E8D58802B3AEDC900BEFB64 /* FirebaseInstallations in Frameworks */ = {isa = PBXBuildFile; productRef = 8E8D587F2B3AEDC900BEFB64 /* FirebaseInstallations */; };
		8E8D58822B3AEDC900BEFB64 /* FirebaseMLModelDownloader in Frameworks */ = {isa = PBXBuildFile; productRef = 8E8D58812B3AEDC900BEFB64 /* FirebaseMLModelDownloader */; };
		8E8D58842B3AEDC900BEFB64 /* FirebaseMessaging in Frameworks */ = {isa = PBXBuildFile; productRef = 8E8D58832B3AEDC900BEFB64 /* FirebaseMessaging */; };
		8E8D58862B3AEDC900BEFB64 /* FirebasePerformance in Frameworks */ = {isa = PBXBuildFile; productRef = 8E8D58852B3AEDC900BEFB64 /* FirebasePerformance */; };
		8E8D58882B3AEDC900BEFB64 /* FirebaseRemoteConfig in Frameworks */ = {isa = PBXBuildFile; productRef = 8E8D58872B3AEDC900BEFB64 /* FirebaseRemoteConfig */; };
		8E8D588A2B3AEDC900BEFB64 /* FirebaseRemoteConfigSwift in Frameworks */ = {isa = PBXBuildFile; productRef = 8E8D58892B3AEDC900BEFB64 /* FirebaseRemoteConfigSwift */; };
		8E8D588C2B3AEDC900BEFB64 /* FirebaseStorage in Frameworks */ = {isa = PBXBuildFile; productRef = 8E8D588B2B3AEDC900BEFB64 /* FirebaseStorage */; };
		8E8D588E2B3AEDC900BEFB64 /* FirebaseStorageCombine-Community in Frameworks */ = {isa = PBXBuildFile; productRef = 8E8D588D2B3AEDC900BEFB64 /* FirebaseStorageCombine-Community */; };
		8E8D58902B3AF19D00BEFB64 /* GoogleService-Info.plist in Resources */ = {isa = PBXBuildFile; fileRef = 8E8D588F2B3AF19D00BEFB64 /* GoogleService-Info.plist */; };
		8E8D58962B3C066000BEFB64 /* ImagePicker.swift in Sources */ = {isa = PBXBuildFile; fileRef = 8E8D58952B3C066000BEFB64 /* ImagePicker.swift */; };
/* End PBXBuildFile section */

/* Begin PBXFileReference section */
		8E8D58472B39C55C00BEFB64 /* YangFinTalk.app */ = {isa = PBXFileReference; explicitFileType = wrapper.application; includeInIndex = 0; path = YangFinTalk.app; sourceTree = BUILT_PRODUCTS_DIR; };
		8E8D584A2B39C55C00BEFB64 /* YangFinTalkApp.swift */ = {isa = PBXFileReference; lastKnownFileType = sourcecode.swift; path = YangFinTalkApp.swift; sourceTree = "<group>"; };
		8E8D584C2B39C55C00BEFB64 /* LoginView.swift */ = {isa = PBXFileReference; lastKnownFileType = sourcecode.swift; path = LoginView.swift; sourceTree = "<group>"; };
		8E8D584E2B39C55E00BEFB64 /* Assets.xcassets */ = {isa = PBXFileReference; lastKnownFileType = folder.assetcatalog; path = Assets.xcassets; sourceTree = "<group>"; };
		8E8D58512B39C55E00BEFB64 /* Preview Assets.xcassets */ = {isa = PBXFileReference; lastKnownFileType = folder.assetcatalog; path = "Preview Assets.xcassets"; sourceTree = "<group>"; };
		8E8D588F2B3AF19D00BEFB64 /* GoogleService-Info.plist */ = {isa = PBXFileReference; fileEncoding = 4; lastKnownFileType = text.plist.xml; path = "GoogleService-Info.plist"; sourceTree = "<group>"; };
		8E8D58952B3C066000BEFB64 /* ImagePicker.swift */ = {isa = PBXFileReference; lastKnownFileType = sourcecode.swift; path = ImagePicker.swift; sourceTree = "<group>"; };
/* End PBXFileReference section */

/* Begin PBXFrameworksBuildPhase section */
		8E8D58442B39C55C00BEFB64 /* Frameworks */ = {
			isa = PBXFrameworksBuildPhase;
			buildActionMask = 2147483647;
			files = (
				8E8D586C2B3AEDC900BEFB64 /* FirebaseDatabase in Frameworks */,
				8E8D587A2B3AEDC900BEFB64 /* FirebaseFunctionsCombine-Community in Frameworks */,
				8E8D58722B3AEDC900BEFB64 /* FirebaseFirestore in Frameworks */,
				8E8D585E2B3AEDC900BEFB64 /* FirebaseAnalyticsSwift in Frameworks */,
				8E8D585A2B3AEDC900BEFB64 /* FirebaseAnalytics in Frameworks */,
				8E8D585C2B3AEDC900BEFB64 /* FirebaseAnalyticsOnDeviceConversion in Frameworks */,
				8E8D58822B3AEDC900BEFB64 /* FirebaseMLModelDownloader in Frameworks */,
				8E8D58762B3AEDC900BEFB64 /* FirebaseFirestoreSwift in Frameworks */,
				8E8D58622B3AEDC900BEFB64 /* FirebaseAppCheck in Frameworks */,
				8E8D58602B3AEDC900BEFB64 /* FirebaseAnalyticsWithoutAdIdSupport in Frameworks */,
				8E8D58662B3AEDC900BEFB64 /* FirebaseAuth in Frameworks */,
				8E8D586A2B3AEDC900BEFB64 /* FirebaseCrashlytics in Frameworks */,
				8E8D588A2B3AEDC900BEFB64 /* FirebaseRemoteConfigSwift in Frameworks */,
				8E8D587C2B3AEDC900BEFB64 /* FirebaseInAppMessaging-Beta in Frameworks */,
				8E8D586E2B3AEDC900BEFB64 /* FirebaseDatabaseSwift in Frameworks */,
				8E8D58782B3AEDC900BEFB64 /* FirebaseFunctions in Frameworks */,
				8E8D588E2B3AEDC900BEFB64 /* FirebaseStorageCombine-Community in Frameworks */,
				8E8D58882B3AEDC900BEFB64 /* FirebaseRemoteConfig in Frameworks */,
				8E8D58642B3AEDC900BEFB64 /* FirebaseAppDistribution-Beta in Frameworks */,
				8E8D58682B3AEDC900BEFB64 /* FirebaseAuthCombine-Community in Frameworks */,
				8E8D58862B3AEDC900BEFB64 /* FirebasePerformance in Frameworks */,
				8E8D587E2B3AEDC900BEFB64 /* FirebaseInAppMessagingSwift-Beta in Frameworks */,
				8E8D588C2B3AEDC900BEFB64 /* FirebaseStorage in Frameworks */,
				8E8D58702B3AEDC900BEFB64 /* FirebaseDynamicLinks in Frameworks */,
				8E8D58742B3AEDC900BEFB64 /* FirebaseFirestoreCombine-Community in Frameworks */,
				8E8D58842B3AEDC900BEFB64 /* FirebaseMessaging in Frameworks */,
				8E8D58802B3AEDC900BEFB64 /* FirebaseInstallations in Frameworks */,
			);
			runOnlyForDeploymentPostprocessing = 0;
		};
/* End PBXFrameworksBuildPhase section */

/* Begin PBXGroup section */
		8E8D583E2B39C55B00BEFB64 = {
			isa = PBXGroup;
			children = (
				8E8D58492B39C55C00BEFB64 /* YangFinTalk */,
				8E8D58482B39C55C00BEFB64 /* Products */,
			);
			sourceTree = "<group>";
		};
		8E8D58482B39C55C00BEFB64 /* Products */ = {
			isa = PBXGroup;
			children = (
				8E8D58472B39C55C00BEFB64 /* YangFinTalk.app */,
			);
			name = Products;
			sourceTree = "<group>";
		};
		8E8D58492B39C55C00BEFB64 /* YangFinTalk */ = {
			isa = PBXGroup;
			children = (
				8E8D584A2B39C55C00BEFB64 /* YangFinTalkApp.swift */,
				8E8D584C2B39C55C00BEFB64 /* LoginView.swift */,
				8E8D588F2B3AF19D00BEFB64 /* GoogleService-Info.plist */,
				8E8D584E2B39C55E00BEFB64 /* Assets.xcassets */,
				8E8D58502B39C55E00BEFB64 /* Preview Content */,
				8E8D58952B3C066000BEFB64 /* ImagePicker.swift */,
			);
			path = YangFinTalk;
			sourceTree = "<group>";
		};
		8E8D58502B39C55E00BEFB64 /* Preview Content */ = {
			isa = PBXGroup;
			children = (
				8E8D58512B39C55E00BEFB64 /* Preview Assets.xcassets */,
			);
			path = "Preview Content";
			sourceTree = "<group>";
		};
/* End PBXGroup section */

/* Begin PBXNativeTarget section */
		8E8D58462B39C55C00BEFB64 /* YangFinTalk */ = {
			isa = PBXNativeTarget;
			buildConfigurationList = 8E8D58552B39C55E00BEFB64 /* Build configuration list for PBXNativeTarget "YangFinTalk" */;
			buildPhases = (
				8E8D58432B39C55C00BEFB64 /* Sources */,
				8E8D58442B39C55C00BEFB64 /* Frameworks */,
				8E8D58452B39C55C00BEFB64 /* Resources */,
			);
			buildRules = (
			);
			dependencies = (
			);
			name = YangFinTalk;
			packageProductDependencies = (
				8E8D58592B3AEDC900BEFB64 /* FirebaseAnalytics */,
				8E8D585B2B3AEDC900BEFB64 /* FirebaseAnalyticsOnDeviceConversion */,
				8E8D585D2B3AEDC900BEFB64 /* FirebaseAnalyticsSwift */,
				8E8D585F2B3AEDC900BEFB64 /* FirebaseAnalyticsWithoutAdIdSupport */,
				8E8D58612B3AEDC900BEFB64 /* FirebaseAppCheck */,
				8E8D58632B3AEDC900BEFB64 /* FirebaseAppDistribution-Beta */,
				8E8D58652B3AEDC900BEFB64 /* FirebaseAuth */,
				8E8D58672B3AEDC900BEFB64 /* FirebaseAuthCombine-Community */,
				8E8D58692B3AEDC900BEFB64 /* FirebaseCrashlytics */,
				8E8D586B2B3AEDC900BEFB64 /* FirebaseDatabase */,
				8E8D586D2B3AEDC900BEFB64 /* FirebaseDatabaseSwift */,
				8E8D586F2B3AEDC900BEFB64 /* FirebaseDynamicLinks */,
				8E8D58712B3AEDC900BEFB64 /* FirebaseFirestore */,
				8E8D58732B3AEDC900BEFB64 /* FirebaseFirestoreCombine-Community */,
				8E8D58752B3AEDC900BEFB64 /* FirebaseFirestoreSwift */,
				8E8D58772B3AEDC900BEFB64 /* FirebaseFunctions */,
				8E8D58792B3AEDC900BEFB64 /* FirebaseFunctionsCombine-Community */,
				8E8D587B2B3AEDC900BEFB64 /* FirebaseInAppMessaging-Beta */,
				8E8D587D2B3AEDC900BEFB64 /* FirebaseInAppMessagingSwift-Beta */,
				8E8D587F2B3AEDC900BEFB64 /* FirebaseInstallations */,
				8E8D58812B3AEDC900BEFB64 /* FirebaseMLModelDownloader */,
				8E8D58832B3AEDC900BEFB64 /* FirebaseMessaging */,
				8E8D58852B3AEDC900BEFB64 /* FirebasePerformance */,
				8E8D58872B3AEDC900BEFB64 /* FirebaseRemoteConfig */,
				8E8D58892B3AEDC900BEFB64 /* FirebaseRemoteConfigSwift */,
				8E8D588B2B3AEDC900BEFB64 /* FirebaseStorage */,
				8E8D588D2B3AEDC900BEFB64 /* FirebaseStorageCombine-Community */,
			);
			productName = YangFinTalk;
			productReference = 8E8D58472B39C55C00BEFB64 /* YangFinTalk.app */;
			productType = "com.apple.product-type.application";
		};
/* End PBXNativeTarget section */

/* Begin PBXProject section */
		8E8D583F2B39C55B00BEFB64 /* Project object */ = {
			isa = PBXProject;
			attributes = {
				BuildIndependentTargetsInParallel = 1;
				LastSwiftUpdateCheck = 1430;
				LastUpgradeCheck = 1430;
				TargetAttributes = {
					8E8D58462B39C55C00BEFB64 = {
						CreatedOnToolsVersion = 14.3;
					};
				};
			};
			buildConfigurationList = 8E8D58422B39C55B00BEFB64 /* Build configuration list for PBXProject "YangFinTalk" */;
			compatibilityVersion = "Xcode 14.0";
			developmentRegion = en;
			hasScannedForEncodings = 0;
			knownRegions = (
				en,
				Base,
			);
			mainGroup = 8E8D583E2B39C55B00BEFB64;
			packageReferences = (
				8E8D58582B3AEDC900BEFB64 /* XCRemoteSwiftPackageReference "firebase-ios-sdk" */,
			);
			productRefGroup = 8E8D58482B39C55C00BEFB64 /* Products */;
			projectDirPath = "";
			projectRoot = "";
			targets = (
				8E8D58462B39C55C00BEFB64 /* YangFinTalk */,
			);
		};
/* End PBXProject section */

/* Begin PBXResourcesBuildPhase section */
		8E8D58452B39C55C00BEFB64 /* Resources */ = {
			isa = PBXResourcesBuildPhase;
			buildActionMask = 2147483647;
			files = (
				8E8D58522B39C55E00BEFB64 /* Preview Assets.xcassets in Resources */,
				8E8D584F2B39C55E00BEFB64 /* Assets.xcassets in Resources */,
				8E8D58902B3AF19D00BEFB64 /* GoogleService-Info.plist in Resources */,
			);
			runOnlyForDeploymentPostprocessing = 0;
		};
/* End PBXResourcesBuildPhase section */

/* Begin PBXSourcesBuildPhase section */
		8E8D58432B39C55C00BEFB64 /* Sources */ = {
			isa = PBXSourcesBuildPhase;
			buildActionMask = 2147483647;
			files = (
				8E8D58962B3C066000BEFB64 /* ImagePicker.swift in Sources */,
				8E8D584D2B39C55C00BEFB64 /* LoginView.swift in Sources */,
				8E8D584B2B39C55C00BEFB64 /* YangFinTalkApp.swift in Sources */,
			);
			runOnlyForDeploymentPostprocessing = 0;
		};
/* End PBXSourcesBuildPhase section */

/* Begin XCBuildConfiguration section */
		8E8D58532B39C55E00BEFB64 /* Debug */ = {
			isa = XCBuildConfiguration;
			buildSettings = {
				ALWAYS_SEARCH_USER_PATHS = NO;
				CLANG_ANALYZER_NONNULL = YES;
				CLANG_ANALYZER_NUMBER_OBJECT_CONVERSION = YES_AGGRESSIVE;
				CLANG_CXX_LANGUAGE_STANDARD = "gnu++20";
				CLANG_ENABLE_MODULES = YES;
				CLANG_ENABLE_OBJC_ARC = YES;
				CLANG_ENABLE_OBJC_WEAK = YES;
				CLANG_WARN_BLOCK_CAPTURE_AUTORELEASING = YES;
				CLANG_WARN_BOOL_CONVERSION = YES;
				CLANG_WARN_COMMA = YES;
				CLANG_WARN_CONSTANT_CONVERSION = YES;
				CLANG_WARN_DEPRECATED_OBJC_IMPLEMENTATIONS = YES;
				CLANG_WARN_DIRECT_OBJC_ISA_USAGE = YES_ERROR;
				CLANG_WARN_DOCUMENTATION_COMMENTS = YES;
				CLANG_WARN_EMPTY_BODY = YES;
				CLANG_WARN_ENUM_CONVERSION = YES;
				CLANG_WARN_INFINITE_RECURSION = YES;
				CLANG_WARN_INT_CONVERSION = YES;
				CLANG_WARN_NON_LITERAL_NULL_CONVERSION = YES;
				CLANG_WARN_OBJC_IMPLICIT_RETAIN_SELF = YES;
				CLANG_WARN_OBJC_LITERAL_CONVERSION = YES;
				CLANG_WARN_OBJC_ROOT_CLASS = YES_ERROR;
				CLANG_WARN_QUOTED_INCLUDE_IN_FRAMEWORK_HEADER = YES;
				CLANG_WARN_RANGE_LOOP_ANALYSIS = YES;
				CLANG_WARN_STRICT_PROTOTYPES = YES;
				CLANG_WARN_SUSPICIOUS_MOVE = YES;
				CLANG_WARN_UNGUARDED_AVAILABILITY = YES_AGGRESSIVE;
				CLANG_WARN_UNREACHABLE_CODE = YES;
				CLANG_WARN__DUPLICATE_METHOD_MATCH = YES;
				COPY_PHASE_STRIP = NO;
				DEBUG_INFORMATION_FORMAT = dwarf;
				ENABLE_STRICT_OBJC_MSGSEND = YES;
				ENABLE_TESTABILITY = YES;
				GCC_C_LANGUAGE_STANDARD = gnu11;
				GCC_DYNAMIC_NO_PIC = NO;
				GCC_NO_COMMON_BLOCKS = YES;
				GCC_OPTIMIZATION_LEVEL = 0;
				GCC_PREPROCESSOR_DEFINITIONS = (
					"DEBUG=1",
					"$(inherited)",
				);
				GCC_WARN_64_TO_32_BIT_CONVERSION = YES;
				GCC_WARN_ABOUT_RETURN_TYPE = YES_ERROR;
				GCC_WARN_UNDECLARED_SELECTOR = YES;
				GCC_WARN_UNINITIALIZED_AUTOS = YES_AGGRESSIVE;
				GCC_WARN_UNUSED_FUNCTION = YES;
				GCC_WARN_UNUSED_VARIABLE = YES;
				IPHONEOS_DEPLOYMENT_TARGET = 16.4;
				MTL_ENABLE_DEBUG_INFO = INCLUDE_SOURCE;
				MTL_FAST_MATH = YES;
				ONLY_ACTIVE_ARCH = YES;
				SDKROOT = iphoneos;
				SWIFT_ACTIVE_COMPILATION_CONDITIONS = DEBUG;
				SWIFT_OPTIMIZATION_LEVEL = "-Onone";
			};
			name = Debug;
		};
		8E8D58542B39C55E00BEFB64 /* Release */ = {
			isa = XCBuildConfiguration;
			buildSettings = {
				ALWAYS_SEARCH_USER_PATHS = NO;
				CLANG_ANALYZER_NONNULL = YES;
				CLANG_ANALYZER_NUMBER_OBJECT_CONVERSION = YES_AGGRESSIVE;
				CLANG_CXX_LANGUAGE_STANDARD = "gnu++20";
				CLANG_ENABLE_MODULES = YES;
				CLANG_ENABLE_OBJC_ARC = YES;
				CLANG_ENABLE_OBJC_WEAK = YES;
				CLANG_WARN_BLOCK_CAPTURE_AUTORELEASING = YES;
				CLANG_WARN_BOOL_CONVERSION = YES;
				CLANG_WARN_COMMA = YES;
				CLANG_WARN_CONSTANT_CONVERSION = YES;
				CLANG_WARN_DEPRECATED_OBJC_IMPLEMENTATIONS = YES;
				CLANG_WARN_DIRECT_OBJC_ISA_USAGE = YES_ERROR;
				CLANG_WARN_DOCUMENTATION_COMMENTS = YES;
				CLANG_WARN_EMPTY_BODY = YES;
				CLANG_WARN_ENUM_CONVERSION = YES;
				CLANG_WARN_INFINITE_RECURSION = YES;
				CLANG_WARN_INT_CONVERSION = YES;
				CLANG_WARN_NON_LITERAL_NULL_CONVERSION = YES;
				CLANG_WARN_OBJC_IMPLICIT_RETAIN_SELF = YES;
				CLANG_WARN_OBJC_LITERAL_CONVERSION = YES;
				CLANG_WARN_OBJC_ROOT_CLASS = YES_ERROR;
				CLANG_WARN_QUOTED_INCLUDE_IN_FRAMEWORK_HEADER = YES;
				CLANG_WARN_RANGE_LOOP_ANALYSIS = YES;
				CLANG_WARN_STRICT_PROTOTYPES = YES;
				CLANG_WARN_SUSPICIOUS_MOVE = YES;
				CLANG_WARN_UNGUARDED_AVAILABILITY = YES_AGGRESSIVE;
				CLANG_WARN_UNREACHABLE_CODE = YES;
				CLANG_WARN__DUPLICATE_METHOD_MATCH = YES;
				COPY_PHASE_STRIP = NO;
				DEBUG_INFORMATION_FORMAT = "dwarf-with-dsym";
				ENABLE_NS_ASSERTIONS = NO;
				ENABLE_STRICT_OBJC_MSGSEND = YES;
				GCC_C_LANGUAGE_STANDARD = gnu11;
				GCC_NO_COMMON_BLOCKS = YES;
				GCC_WARN_64_TO_32_BIT_CONVERSION = YES;
				GCC_WARN_ABOUT_RETURN_TYPE = YES_ERROR;
				GCC_WARN_UNDECLARED_SELECTOR = YES;
				GCC_WARN_UNINITIALIZED_AUTOS = YES_AGGRESSIVE;
				GCC_WARN_UNUSED_FUNCTION = YES;
				GCC_WARN_UNUSED_VARIABLE = YES;
				IPHONEOS_DEPLOYMENT_TARGET = 16.4;
				MTL_ENABLE_DEBUG_INFO = NO;
				MTL_FAST_MATH = YES;
				SDKROOT = iphoneos;
				SWIFT_COMPILATION_MODE = wholemodule;
				SWIFT_OPTIMIZATION_LEVEL = "-O";
				VALIDATE_PRODUCT = YES;
			};
			name = Release;
		};
		8E8D58562B39C55E00BEFB64 /* Debug */ = {
			isa = XCBuildConfiguration;
			buildSettings = {
				ASSETCATALOG_COMPILER_APPICON_NAME = AppIcon;
				ASSETCATALOG_COMPILER_GLOBAL_ACCENT_COLOR_NAME = AccentColor;
				CODE_SIGN_STYLE = Automatic;
				CURRENT_PROJECT_VERSION = 1;
				DEVELOPMENT_ASSET_PATHS = "\"YangFinTalk/Preview Content\"";
				DEVELOPMENT_TEAM = 9GGZWXBXQ6;
				ENABLE_PREVIEWS = YES;
				GENERATE_INFOPLIST_FILE = YES;
				INFOPLIST_KEY_UIApplicationSceneManifest_Generation = YES;
				INFOPLIST_KEY_UIApplicationSupportsIndirectInputEvents = YES;
				INFOPLIST_KEY_UILaunchScreen_Generation = YES;
				INFOPLIST_KEY_UISupportedInterfaceOrientations_iPad = "UIInterfaceOrientationPortrait UIInterfaceOrientationPortraitUpsideDown UIInterfaceOrientationLandscapeLeft UIInterfaceOrientationLandscapeRight";
				INFOPLIST_KEY_UISupportedInterfaceOrientations_iPhone = "UIInterfaceOrientationPortrait UIInterfaceOrientationLandscapeLeft UIInterfaceOrientationLandscapeRight";
				LD_RUNPATH_SEARCH_PATHS = (
					"$(inherited)",
					"@executable_path/Frameworks",
				);
				MARKETING_VERSION = 1.0;
				PRODUCT_BUNDLE_IDENTIFIER = YangSiKwanTalk.YangFinTalk;
				PRODUCT_NAME = "$(TARGET_NAME)";
				SWIFT_EMIT_LOC_STRINGS = YES;
				SWIFT_VERSION = 5.0;
				TARGETED_DEVICE_FAMILY = "1,2";
			};
			name = Debug;
		};
		8E8D58572B39C55E00BEFB64 /* Release */ = {
			isa = XCBuildConfiguration;
			buildSettings = {
				ASSETCATALOG_COMPILER_APPICON_NAME = AppIcon;
				ASSETCATALOG_COMPILER_GLOBAL_ACCENT_COLOR_NAME = AccentColor;
				CODE_SIGN_STYLE = Automatic;
				CURRENT_PROJECT_VERSION = 1;
				DEVELOPMENT_ASSET_PATHS = "\"YangFinTalk/Preview Content\"";
				DEVELOPMENT_TEAM = 9GGZWXBXQ6;
				ENABLE_PREVIEWS = YES;
				GENERATE_INFOPLIST_FILE = YES;
				INFOPLIST_KEY_UIApplicationSceneManifest_Generation = YES;
				INFOPLIST_KEY_UIApplicationSupportsIndirectInputEvents = YES;
				INFOPLIST_KEY_UILaunchScreen_Generation = YES;
				INFOPLIST_KEY_UISupportedInterfaceOrientations_iPad = "UIInterfaceOrientationPortrait UIInterfaceOrientationPortraitUpsideDown UIInterfaceOrientationLandscapeLeft UIInterfaceOrientationLandscapeRight";
				INFOPLIST_KEY_UISupportedInterfaceOrientations_iPhone = "UIInterfaceOrientationPortrait UIInterfaceOrientationLandscapeLeft UIInterfaceOrientationLandscapeRight";
				LD_RUNPATH_SEARCH_PATHS = (
					"$(inherited)",
					"@executable_path/Frameworks",
				);
				MARKETING_VERSION = 1.0;
				PRODUCT_BUNDLE_IDENTIFIER = YangSiKwanTalk.YangFinTalk;
				PRODUCT_NAME = "$(TARGET_NAME)";
				SWIFT_EMIT_LOC_STRINGS = YES;
				SWIFT_VERSION = 5.0;
				TARGETED_DEVICE_FAMILY = "1,2";
			};
			name = Release;
		};
/* End XCBuildConfiguration section */

/* Begin XCConfigurationList section */
		8E8D58422B39C55B00BEFB64 /* Build configuration list for PBXProject "YangFinTalk" */ = {
			isa = XCConfigurationList;
			buildConfigurations = (
				8E8D58532B39C55E00BEFB64 /* Debug */,
				8E8D58542B39C55E00BEFB64 /* Release */,
			);
			defaultConfigurationIsVisible = 0;
			defaultConfigurationName = Release;
		};
		8E8D58552B39C55E00BEFB64 /* Build configuration list for PBXNativeTarget "YangFinTalk" */ = {
			isa = XCConfigurationList;
			buildConfigurations = (
				8E8D58562B39C55E00BEFB64 /* Debug */,
				8E8D58572B39C55E00BEFB64 /* Release */,
			);
			defaultConfigurationIsVisible = 0;
			defaultConfigurationName = Release;
		};
/* End XCConfigurationList section */

/* Begin XCRemoteSwiftPackageReference section */
		8E8D58582B3AEDC900BEFB64 /* XCRemoteSwiftPackageReference "firebase-ios-sdk" */ = {
			isa = XCRemoteSwiftPackageReference;
			repositoryURL = "https://github.com/firebase/firebase-ios-sdk";
			requirement = {
				kind = upToNextMajorVersion;
				minimumVersion = 10.0.0;
			};
		};
/* End XCRemoteSwiftPackageReference section */

/* Begin XCSwiftPackageProductDependency section */
		8E8D58592B3AEDC900BEFB64 /* FirebaseAnalytics */ = {
			isa = XCSwiftPackageProductDependency;
			package = 8E8D58582B3AEDC900BEFB64 /* XCRemoteSwiftPackageReference "firebase-ios-sdk" */;
			productName = FirebaseAnalytics;
		};
		8E8D585B2B3AEDC900BEFB64 /* FirebaseAnalyticsOnDeviceConversion */ = {
			isa = XCSwiftPackageProductDependency;
			package = 8E8D58582B3AEDC900BEFB64 /* XCRemoteSwiftPackageReference "firebase-ios-sdk" */;
			productName = FirebaseAnalyticsOnDeviceConversion;
		};
		8E8D585D2B3AEDC900BEFB64 /* FirebaseAnalyticsSwift */ = {
			isa = XCSwiftPackageProductDependency;
			package = 8E8D58582B3AEDC900BEFB64 /* XCRemoteSwiftPackageReference "firebase-ios-sdk" */;
			productName = FirebaseAnalyticsSwift;
		};
		8E8D585F2B3AEDC900BEFB64 /* FirebaseAnalyticsWithoutAdIdSupport */ = {
			isa = XCSwiftPackageProductDependency;
			package = 8E8D58582B3AEDC900BEFB64 /* XCRemoteSwiftPackageReference "firebase-ios-sdk" */;
			productName = FirebaseAnalyticsWithoutAdIdSupport;
		};
		8E8D58612B3AEDC900BEFB64 /* FirebaseAppCheck */ = {
			isa = XCSwiftPackageProductDependency;
			package = 8E8D58582B3AEDC900BEFB64 /* XCRemoteSwiftPackageReference "firebase-ios-sdk" */;
			productName = FirebaseAppCheck;
		};
		8E8D58632B3AEDC900BEFB64 /* FirebaseAppDistribution-Beta */ = {
			isa = XCSwiftPackageProductDependency;
			package = 8E8D58582B3AEDC900BEFB64 /* XCRemoteSwiftPackageReference "firebase-ios-sdk" */;
			productName = "FirebaseAppDistribution-Beta";
		};
		8E8D58652B3AEDC900BEFB64 /* FirebaseAuth */ = {
			isa = XCSwiftPackageProductDependency;
			package = 8E8D58582B3AEDC900BEFB64 /* XCRemoteSwiftPackageReference "firebase-ios-sdk" */;
			productName = FirebaseAuth;
		};
		8E8D58672B3AEDC900BEFB64 /* FirebaseAuthCombine-Community */ = {
			isa = XCSwiftPackageProductDependency;
			package = 8E8D58582B3AEDC900BEFB64 /* XCRemoteSwiftPackageReference "firebase-ios-sdk" */;
			productName = "FirebaseAuthCombine-Community";
		};
		8E8D58692B3AEDC900BEFB64 /* FirebaseCrashlytics */ = {
			isa = XCSwiftPackageProductDependency;
			package = 8E8D58582B3AEDC900BEFB64 /* XCRemoteSwiftPackageReference "firebase-ios-sdk" */;
			productName = FirebaseCrashlytics;
		};
		8E8D586B2B3AEDC900BEFB64 /* FirebaseDatabase */ = {
			isa = XCSwiftPackageProductDependency;
			package = 8E8D58582B3AEDC900BEFB64 /* XCRemoteSwiftPackageReference "firebase-ios-sdk" */;
			productName = FirebaseDatabase;
		};
		8E8D586D2B3AEDC900BEFB64 /* FirebaseDatabaseSwift */ = {
			isa = XCSwiftPackageProductDependency;
			package = 8E8D58582B3AEDC900BEFB64 /* XCRemoteSwiftPackageReference "firebase-ios-sdk" */;
			productName = FirebaseDatabaseSwift;
		};
		8E8D586F2B3AEDC900BEFB64 /* FirebaseDynamicLinks */ = {
			isa = XCSwiftPackageProductDependency;
			package = 8E8D58582B3AEDC900BEFB64 /* XCRemoteSwiftPackageReference "firebase-ios-sdk" */;
			productName = FirebaseDynamicLinks;
		};
		8E8D58712B3AEDC900BEFB64 /* FirebaseFirestore */ = {
			isa = XCSwiftPackageProductDependency;
			package = 8E8D58582B3AEDC900BEFB64 /* XCRemoteSwiftPackageReference "firebase-ios-sdk" */;
			productName = FirebaseFirestore;
		};
		8E8D58732B3AEDC900BEFB64 /* FirebaseFirestoreCombine-Community */ = {
			isa = XCSwiftPackageProductDependency;
			package = 8E8D58582B3AEDC900BEFB64 /* XCRemoteSwiftPackageReference "firebase-ios-sdk" */;
			productName = "FirebaseFirestoreCombine-Community";
		};
		8E8D58752B3AEDC900BEFB64 /* FirebaseFirestoreSwift */ = {
			isa = XCSwiftPackageProductDependency;
			package = 8E8D58582B3AEDC900BEFB64 /* XCRemoteSwiftPackageReference "firebase-ios-sdk" */;
			productName = FirebaseFirestoreSwift;
		};
		8E8D58772B3AEDC900BEFB64 /* FirebaseFunctions */ = {
			isa = XCSwiftPackageProductDependency;
			package = 8E8D58582B3AEDC900BEFB64 /* XCRemoteSwiftPackageReference "firebase-ios-sdk" */;
			productName = FirebaseFunctions;
		};
		8E8D58792B3AEDC900BEFB64 /* FirebaseFunctionsCombine-Community */ = {
			isa = XCSwiftPackageProductDependency;
			package = 8E8D58582B3AEDC900BEFB64 /* XCRemoteSwiftPackageReference "firebase-ios-sdk" */;
			productName = "FirebaseFunctionsCombine-Community";
		};
		8E8D587B2B3AEDC900BEFB64 /* FirebaseInAppMessaging-Beta */ = {
			isa = XCSwiftPackageProductDependency;
			package = 8E8D58582B3AEDC900BEFB64 /* XCRemoteSwiftPackageReference "firebase-ios-sdk" */;
			productName = "FirebaseInAppMessaging-Beta";
		};
		8E8D587D2B3AEDC900BEFB64 /* FirebaseInAppMessagingSwift-Beta */ = {
			isa = XCSwiftPackageProductDependency;
			package = 8E8D58582B3AEDC900BEFB64 /* XCRemoteSwiftPackageReference "firebase-ios-sdk" */;
			productName = "FirebaseInAppMessagingSwift-Beta";
		};
		8E8D587F2B3AEDC900BEFB64 /* FirebaseInstallations */ = {
			isa = XCSwiftPackageProductDependency;
			package = 8E8D58582B3AEDC900BEFB64 /* XCRemoteSwiftPackageReference "firebase-ios-sdk" */;
			productName = FirebaseInstallations;
		};
		8E8D58812B3AEDC900BEFB64 /* FirebaseMLModelDownloader */ = {
			isa = XCSwiftPackageProductDependency;
			package = 8E8D58582B3AEDC900BEFB64 /* XCRemoteSwiftPackageReference "firebase-ios-sdk" */;
			productName = FirebaseMLModelDownloader;
		};
		8E8D58832B3AEDC900BEFB64 /* FirebaseMessaging */ = {
			isa = XCSwiftPackageProductDependency;
			package = 8E8D58582B3AEDC900BEFB64 /* XCRemoteSwiftPackageReference "firebase-ios-sdk" */;
			productName = FirebaseMessaging;
		};
		8E8D58852B3AEDC900BEFB64 /* FirebasePerformance */ = {
			isa = XCSwiftPackageProductDependency;
			package = 8E8D58582B3AEDC900BEFB64 /* XCRemoteSwiftPackageReference "firebase-ios-sdk" */;
			productName = FirebasePerformance;
		};
		8E8D58872B3AEDC900BEFB64 /* FirebaseRemoteConfig */ = {
			isa = XCSwiftPackageProductDependency;
			package = 8E8D58582B3AEDC900BEFB64 /* XCRemoteSwiftPackageReference "firebase-ios-sdk" */;
			productName = FirebaseRemoteConfig;
		};
		8E8D58892B3AEDC900BEFB64 /* FirebaseRemoteConfigSwift */ = {
			isa = XCSwiftPackageProductDependency;
			package = 8E8D58582B3AEDC900BEFB64 /* XCRemoteSwiftPackageReference "firebase-ios-sdk" */;
			productName = FirebaseRemoteConfigSwift;
		};
		8E8D588B2B3AEDC900BEFB64 /* FirebaseStorage */ = {
			isa = XCSwiftPackageProductDependency;
			package = 8E8D58582B3AEDC900BEFB64 /* XCRemoteSwiftPackageReference "firebase-ios-sdk" */;
			productName = FirebaseStorage;
		};
		8E8D588D2B3AEDC900BEFB64 /* FirebaseStorageCombine-Community */ = {
			isa = XCSwiftPackageProductDependency;
			package = 8E8D58582B3AEDC900BEFB64 /* XCRemoteSwiftPackageReference "firebase-ios-sdk" */;
			productName = "FirebaseStorageCombine-Community";
		};
/* End XCSwiftPackageProductDependency section */
	};
	rootObject = 8E8D583F2B39C55B00BEFB64 /* Project object */;
}
